
Microsoft Visual Studio Solution File, Format Version 12.00
# Visual Studio Version 17
VisualStudioVersion = 17.5.33530.505
MinimumVisualStudioVersion = 10.0.40219.1
Project("{9A19103F-16F7-4668-BE54-9A1E7A4F7556}") = "E-Shop", "E-Shop\E-Shop.csproj", "{446F8954-57AB-42C2-9842-9F7C12D065C0}"
EndProject
Project("{FAE04EC0-301F-11D3-BF4B-00C04F79EFBC}") = "RDLCDesign", "RDLCDesign\RDLCDesign.csproj", "{FFBBD380-13D2-4348-9D8F-609C8DEBDA2F}"
EndProject
Global
	GlobalSection(SolutionConfigurationPlatforms) = preSolution
		Debug|Any CPU = Debug|Any CPU
		Release|Any CPU = Release|Any CPU
	EndGlobalSection
	GlobalSection(ProjectConfigurationPlatforms) = postSolution
		{446F8954-57AB-42C2-9842-9F7C12D065C0}.Debug|Any CPU.ActiveCfg = Debug|Any CPU
		{446F8954-57AB-42C2-9842-9F7C12D065C0}.Debug|Any CPU.Build.0 = Debug|Any CPU
		{446F8954-57AB-42C2-9842-9F7C12D065C0}.Release|Any CPU.ActiveCfg = Release|Any CPU
		{446F8954-57AB-42C2-9842-9F7C12D065C0}.Release|Any CPU.Build.0 = Release|Any CPU
		{FFBBD380-13D2-4348-9D8F-609C8DEBDA2F}.Debug|Any CPU.ActiveCfg = Debug|Any CPU
		{FFBBD380-13D2-4348-9D8F-609C8DEBDA2F}.Debug|Any CPU.Build.0 = Debug|Any CPU
		{FFBBD380-13D2-4348-9D8F-609C8DEBDA2F}.Release|Any CPU.ActiveCfg = Release|Any CPU
		{FFBBD380-13D2-4348-9D8F-609C8DEBDA2F}.Release|Any CPU.Build.0 = Release|Any CPU
	EndGlobalSection
	GlobalSection(SolutionProperties) = preSolution
		HideSolutionNode = FALSE
	EndGlobalSection
	GlobalSection(ExtensibilityGlobals) = postSolution
		SolutionGuid = {736EB32A-787E-4E86-B275-6DA8355839BB}
	EndGlobalSection
EndGlobal
